// !$*UTF8*$!
{
	archiveVersion = 1;
	classes = {
	};
	objectVersion = 46;
	objects = {

/* Begin PBXBuildFile section */
		9A16A0601E2F3D7500F084FC /* main.m in Sources */ = {isa = PBXBuildFile; fileRef = 9A16A05F1E2F3D7500F084FC /* main.m */; };
		9A16A0631E2F3D7500F084FC /* AppDelegate.m in Sources */ = {isa = PBXBuildFile; fileRef = 9A16A0621E2F3D7500F084FC /* AppDelegate.m */; };
		9A16A0661E2F3D7500F084FC /* ViewController.m in Sources */ = {isa = PBXBuildFile; fileRef = 9A16A0651E2F3D7500F084FC /* ViewController.m */; };
		9A16A0691E2F3D7500F084FC /* Main.storyboard in Resources */ = {isa = PBXBuildFile; fileRef = 9A16A0671E2F3D7500F084FC /* Main.storyboard */; };
		9A16A06B1E2F3D7500F084FC /* Assets.xcassets in Resources */ = {isa = PBXBuildFile; fileRef = 9A16A06A1E2F3D7500F084FC /* Assets.xcassets */; };
		9A16A06E1E2F3D7500F084FC /* LaunchScreen.storyboard in Resources */ = {isa = PBXBuildFile; fileRef = 9A16A06C1E2F3D7500F084FC /* LaunchScreen.storyboard */; };
		9A16A0851E2F3F3100F084FC /* PopBaseController.m in Sources */ = {isa = PBXBuildFile; fileRef = 9A16A07C1E2F3F3100F084FC /* PopBaseController.m */; };
		9A16A0871E2F3F3100F084FC /* PopBottomView.m in Sources */ = {isa = PBXBuildFile; fileRef = 9A16A0801E2F3F3100F084FC /* PopBottomView.m */; };
		9A16A0881E2F3F3100F084FC /* CustomPushAnimation.m in Sources */ = {isa = PBXBuildFile; fileRef = 9A16A0821E2F3F3100F084FC /* CustomPushAnimation.m */; };
		9A16A0891E2F3F3100F084FC /* CustomPopAnimation.m in Sources */ = {isa = PBXBuildFile; fileRef = 9A16A0841E2F3F3100F084FC /* CustomPopAnimation.m */; };
		9A16A08C1E2F44F800F084FC /* PopBase.bundle in Resources */ = {isa = PBXBuildFile; fileRef = 9A16A08B1E2F44F800F084FC /* PopBase.bundle */; };
		9A16A0981E2F589F00F084FC /* FirstViewController.m in Sources */ = {isa = PBXBuildFile; fileRef = 9A16A08F1E2F589E00F084FC /* FirstViewController.m */; };
		9A16A09B1E2F589F00F084FC /* SecondViewController.m in Sources */ = {isa = PBXBuildFile; fileRef = 9A16A0941E2F589F00F084FC /* SecondViewController.m */; };
		9A16A0A01E2F712F00F084FC /* ThirdViewController.m in Sources */ = {isa = PBXBuildFile; fileRef = 9A16A09F1E2F712F00F084FC /* ThirdViewController.m */; };
		9A801C891E33310100EB38EA /* PopBase.gif in Resources */ = {isa = PBXBuildFile; fileRef = 9A801C881E33310100EB38EA /* PopBase.gif */; };
/* End PBXBuildFile section */

/* Begin PBXFileReference section */
		9A16A05B1E2F3D7400F084FC /* ZKPopBaseController.app */ = {isa = PBXFileReference; explicitFileType = wrapper.application; includeInIndex = 0; path = ZKPopBaseController.app; sourceTree = BUILT_PRODUCTS_DIR; };
		9A16A05F1E2F3D7500F084FC /* main.m */ = {isa = PBXFileReference; lastKnownFileType = sourcecode.c.objc; path = main.m; sourceTree = "<group>"; };
		9A16A0611E2F3D7500F084FC /* AppDelegate.h */ = {isa = PBXFileReference; lastKnownFileType = sourcecode.c.h; path = AppDelegate.h; sourceTree = "<group>"; };
		9A16A0621E2F3D7500F084FC /* AppDelegate.m */ = {isa = PBXFileReference; lastKnownFileType = sourcecode.c.objc; path = AppDelegate.m; sourceTree = "<group>"; };
		9A16A0641E2F3D7500F084FC /* ViewController.h */ = {isa = PBXFileReference; lastKnownFileType = sourcecode.c.h; path = ViewController.h; sourceTree = "<group>"; };
		9A16A0651E2F3D7500F084FC /* ViewController.m */ = {isa = PBXFileReference; lastKnownFileType = sourcecode.c.objc; path = ViewController.m; sourceTree = "<group>"; };
		9A16A0681E2F3D7500F084FC /* Base */ = {isa = PBXFileReference; lastKnownFileType = file.storyboard; name = Base; path = Base.lproj/Main.storyboard; sourceTree = "<group>"; };
		9A16A06A1E2F3D7500F084FC /* Assets.xcassets */ = {isa = PBXFileReference; lastKnownFileType = folder.assetcatalog; path = Assets.xcassets; sourceTree = "<group>"; };
		9A16A06D1E2F3D7500F084FC /* Base */ = {isa = PBXFileReference; lastKnownFileType = file.storyboard; name = Base; path = Base.lproj/LaunchScreen.storyboard; sourceTree = "<group>"; };
		9A16A06F1E2F3D7500F084FC /* Info.plist */ = {isa = PBXFileReference; lastKnownFileType = text.plist.xml; path = Info.plist; sourceTree = "<group>"; };
		9A16A07B1E2F3F3100F084FC /* PopBaseController.h */ = {isa = PBXFileReference; fileEncoding = 4; lastKnownFileType = sourcecode.c.h; path = PopBaseController.h; sourceTree = "<group>"; };
		9A16A07C1E2F3F3100F084FC /* PopBaseController.m */ = {isa = PBXFileReference; fileEncoding = 4; lastKnownFileType = sourcecode.c.objc; path = PopBaseController.m; sourceTree = "<group>"; };
		9A16A07F1E2F3F3100F084FC /* PopBottomView.h */ = {isa = PBXFileReference; fileEncoding = 4; lastKnownFileType = sourcecode.c.h; path = PopBottomView.h; sourceTree = "<group>"; };
		9A16A0801E2F3F3100F084FC /* PopBottomView.m */ = {isa = PBXFileReference; fileEncoding = 4; lastKnownFileType = sourcecode.c.objc; path = PopBottomView.m; sourceTree = "<group>"; };
		9A16A0811E2F3F3100F084FC /* CustomPushAnimation.h */ = {isa = PBXFileReference; fileEncoding = 4; lastKnownFileType = sourcecode.c.h; path = CustomPushAnimation.h; sourceTree = "<group>"; };
		9A16A0821E2F3F3100F084FC /* CustomPushAnimation.m */ = {isa = PBXFileReference; fileEncoding = 4; lastKnownFileType = sourcecode.c.objc; path = CustomPushAnimation.m; sourceTree = "<group>"; };
		9A16A0831E2F3F3100F084FC /* CustomPopAnimation.h */ = {isa = PBXFileReference; fileEncoding = 4; lastKnownFileType = sourcecode.c.h; path = CustomPopAnimation.h; sourceTree = "<group>"; };
		9A16A0841E2F3F3100F084FC /* CustomPopAnimation.m */ = {isa = PBXFileReference; fileEncoding = 4; lastKnownFileType = sourcecode.c.objc; path = CustomPopAnimation.m; sourceTree = "<group>"; };
		9A16A08B1E2F44F800F084FC /* PopBase.bundle */ = {isa = PBXFileReference; lastKnownFileType = "wrapper.plug-in"; path = PopBase.bundle; sourceTree = "<group>"; };
		9A16A08D1E2F4D4500F084FC /* PopBaseHeader.h */ = {isa = PBXFileReference; lastKnownFileType = sourcecode.c.h; path = PopBaseHeader.h; sourceTree = "<group>"; };
		9A16A08E1E2F589E00F084FC /* FirstViewController.h */ = {isa = PBXFileReference; fileEncoding = 4; lastKnownFileType = sourcecode.c.h; path = FirstViewController.h; sourceTree = "<group>"; };
		9A16A08F1E2F589E00F084FC /* FirstViewController.m */ = {isa = PBXFileReference; fileEncoding = 4; lastKnownFileType = sourcecode.c.objc; path = FirstViewController.m; sourceTree = "<group>"; };
		9A16A0931E2F589E00F084FC /* SecondViewController.h */ = {isa = PBXFileReference; fileEncoding = 4; lastKnownFileType = sourcecode.c.h; path = SecondViewController.h; sourceTree = "<group>"; };
		9A16A0941E2F589F00F084FC /* SecondViewController.m */ = {isa = PBXFileReference; fileEncoding = 4; lastKnownFileType = sourcecode.c.objc; path = SecondViewController.m; sourceTree = "<group>"; };
		9A16A09E1E2F712F00F084FC /* ThirdViewController.h */ = {isa = PBXFileReference; fileEncoding = 4; lastKnownFileType = sourcecode.c.h; path = ThirdViewController.h; sourceTree = "<group>"; };
		9A16A09F1E2F712F00F084FC /* ThirdViewController.m */ = {isa = PBXFileReference; fileEncoding = 4; lastKnownFileType = sourcecode.c.objc; path = ThirdViewController.m; sourceTree = "<group>"; };
		9A801C881E33310100EB38EA /* PopBase.gif */ = {isa = PBXFileReference; lastKnownFileType = image.gif; path = PopBase.gif; sourceTree = "<group>"; };
/* End PBXFileReference section */

/* Begin PBXFrameworksBuildPhase section */
		9A16A0581E2F3D7400F084FC /* Frameworks */ = {
			isa = PBXFrameworksBuildPhase;
			buildActionMask = 2147483647;
			files = (
			);
			runOnlyForDeploymentPostprocessing = 0;
		};
/* End PBXFrameworksBuildPhase section */

/* Begin PBXGroup section */
		9A16A0521E2F3D7200F084FC = {
			isa = PBXGroup;
			children = (
				9A16A05D1E2F3D7400F084FC /* ZKPopBaseController */,
				9A16A05C1E2F3D7400F084FC /* Products */,
			);
			sourceTree = "<group>";
		};
		9A16A05C1E2F3D7400F084FC /* Products */ = {
			isa = PBXGroup;
			children = (
				9A16A05B1E2F3D7400F084FC /* ZKPopBaseController.app */,
			);
			name = Products;
			sourceTree = "<group>";
		};
		9A16A05D1E2F3D7400F084FC /* ZKPopBaseController */ = {
			isa = PBXGroup;
			children = (
				9A16A07A1E2F3ED700F084FC /* PopBaseController */,
				9A16A0611E2F3D7500F084FC /* AppDelegate.h */,
				9A16A0621E2F3D7500F084FC /* AppDelegate.m */,
				9A16A0641E2F3D7500F084FC /* ViewController.h */,
				9A16A0651E2F3D7500F084FC /* ViewController.m */,
				9A16A08E1E2F589E00F084FC /* FirstViewController.h */,
				9A16A08F1E2F589E00F084FC /* FirstViewController.m */,
				9A16A0931E2F589E00F084FC /* SecondViewController.h */,
				9A16A0941E2F589F00F084FC /* SecondViewController.m */,
				9A16A09E1E2F712F00F084FC /* ThirdViewController.h */,
				9A16A09F1E2F712F00F084FC /* ThirdViewController.m */,
				9A801C881E33310100EB38EA /* PopBase.gif */,
				9A16A0671E2F3D7500F084FC /* Main.storyboard */,
				9A16A06A1E2F3D7500F084FC /* Assets.xcassets */,
				9A16A06C1E2F3D7500F084FC /* LaunchScreen.storyboard */,
				9A16A06F1E2F3D7500F084FC /* Info.plist */,
				9A16A05E1E2F3D7400F084FC /* Supporting Files */,
			);
			path = ZKPopBaseController;
			sourceTree = "<group>";
		};
		9A16A05E1E2F3D7400F084FC /* Supporting Files */ = {
			isa = PBXGroup;
			children = (
				9A16A05F1E2F3D7500F084FC /* main.m */,
			);
			name = "Supporting Files";
			sourceTree = "<group>";
		};
		9A16A07A1E2F3ED700F084FC /* PopBaseController */ = {
			isa = PBXGroup;
			children = (
				9A16A08D1E2F4D4500F084FC /* PopBaseHeader.h */,
				9A16A07F1E2F3F3100F084FC /* PopBottomView.h */,
				9A16A0801E2F3F3100F084FC /* PopBottomView.m */,
				9A16A07B1E2F3F3100F084FC /* PopBaseController.h */,
				9A16A07C1E2F3F3100F084FC /* PopBaseController.m */,
				9A16A0811E2F3F3100F084FC /* CustomPushAnimation.h */,
				9A16A0821E2F3F3100F084FC /* CustomPushAnimation.m */,
				9A16A0831E2F3F3100F084FC /* CustomPopAnimation.h */,
				9A16A0841E2F3F3100F084FC /* CustomPopAnimation.m */,
				9A16A08B1E2F44F800F084FC /* PopBase.bundle */,
			);
			path = PopBaseController;
			sourceTree = "<group>";
		};
/* End PBXGroup section */

/* Begin PBXNativeTarget section */
		9A16A05A1E2F3D7400F084FC /* ZKPopBaseController */ = {
			isa = PBXNativeTarget;
			buildConfigurationList = 9A16A0721E2F3D7600F084FC /* Build configuration list for PBXNativeTarget "ZKPopBaseController" */;
			buildPhases = (
				9A16A0571E2F3D7400F084FC /* Sources */,
				9A16A0581E2F3D7400F084FC /* Frameworks */,
				9A16A0591E2F3D7400F084FC /* Resources */,
			);
			buildRules = (
			);
			dependencies = (
			);
			name = ZKPopBaseController;
			productName = ZKPopBaseController;
			productReference = 9A16A05B1E2F3D7400F084FC /* ZKPopBaseController.app */;
			productType = "com.apple.product-type.application";
		};
/* End PBXNativeTarget section */

/* Begin PBXProject section */
		9A16A0531E2F3D7300F084FC /* Project object */ = {
			isa = PBXProject;
			attributes = {
				LastUpgradeCheck = 0820;
				ORGANIZATIONNAME = Aone;
				TargetAttributes = {
					9A16A05A1E2F3D7400F084FC = {
						CreatedOnToolsVersion = 8.2;
						ProvisioningStyle = Automatic;
					};
				};
			};
			buildConfigurationList = 9A16A0561E2F3D7300F084FC /* Build configuration list for PBXProject "ZKPopBaseController" */;
			compatibilityVersion = "Xcode 3.2";
			developmentRegion = English;
			hasScannedForEncodings = 0;
			knownRegions = (
				en,
				Base,
			);
			mainGroup = 9A16A0521E2F3D7200F084FC;
			productRefGroup = 9A16A05C1E2F3D7400F084FC /* Products */;
			projectDirPath = "";
			projectRoot = "";
			targets = (
				9A16A05A1E2F3D7400F084FC /* ZKPopBaseController */,
			);
		};
/* End PBXProject section */

/* Begin PBXResourcesBuildPhase section */
		9A16A0591E2F3D7400F084FC /* Resources */ = {
			isa = PBXResourcesBuildPhase;
			buildActionMask = 2147483647;
			files = (
				9A801C891E33310100EB38EA /* PopBase.gif in Resources */,
				9A16A08C1E2F44F800F084FC /* PopBase.bundle in Resources */,
				9A16A06E1E2F3D7500F084FC /* LaunchScreen.storyboard in Resources */,
				9A16A06B1E2F3D7500F084FC /* Assets.xcassets in Resources */,
				9A16A0691E2F3D7500F084FC /* Main.storyboard in Resources */,
			);
			runOnlyForDeploymentPostprocessing = 0;
		};
/* End PBXResourcesBuildPhase section */

/* Begin PBXSourcesBuildPhase section */
		9A16A0571E2F3D7400F084FC /* Sources */ = {
			isa = PBXSourcesBuildPhase;
			buildActionMask = 2147483647;
			files = (
				9A16A09B1E2F589F00F084FC /* SecondViewController.m in Sources */,
				9A16A0851E2F3F3100F084FC /* PopBaseController.m in Sources */,
				9A16A0891E2F3F3100F084FC /* CustomPopAnimation.m in Sources */,
				9A16A0871E2F3F3100F084FC /* PopBottomView.m in Sources */,
				9A16A0661E2F3D7500F084FC /* ViewController.m in Sources */,
				9A16A0631E2F3D7500F084FC /* AppDelegate.m in Sources */,
				9A16A0A01E2F712F00F084FC /* ThirdViewController.m in Sources */,
				9A16A0601E2F3D7500F084FC /* main.m in Sources */,
				9A16A0881E2F3F3100F084FC /* CustomPushAnimation.m in Sources */,
				9A16A0981E2F589F00F084FC /* FirstViewController.m in Sources */,
			);
			runOnlyForDeploymentPostprocessing = 0;
		};
/* End PBXSourcesBuildPhase section */

/* Begin PBXVariantGroup section */
		9A16A0671E2F3D7500F084FC /* Main.storyboard */ = {
			isa = PBXVariantGroup;
			children = (
				9A16A0681E2F3D7500F084FC /* Base */,
			);
			name = Main.storyboard;
			sourceTree = "<group>";
		};
		9A16A06C1E2F3D7500F084FC /* LaunchScreen.storyboard */ = {
			isa = PBXVariantGroup;
			children = (
				9A16A06D1E2F3D7500F084FC /* Base */,
			);
			name = LaunchScreen.storyboard;
			sourceTree = "<group>";
		};
/* End PBXVariantGroup section */

/* Begin XCBuildConfiguration section */
		9A16A0701E2F3D7500F084FC /* Debug */ = {
			isa = XCBuildConfiguration;
			buildSettings = {
				ALWAYS_SEARCH_USER_PATHS = NO;
				CLANG_ANALYZER_NONNULL = YES;
				CLANG_CXX_LANGUAGE_STANDARD = "gnu++0x";
				CLANG_CXX_LIBRARY = "libc++";
				CLANG_ENABLE_MODULES = YES;
				CLANG_ENABLE_OBJC_ARC = YES;
				CLANG_WARN_BOOL_CONVERSION = YES;
				CLANG_WARN_CONSTANT_CONVERSION = YES;
				CLANG_WARN_DIRECT_OBJC_ISA_USAGE = YES_ERROR;
				CLANG_WARN_DOCUMENTATION_COMMENTS = YES;
				CLANG_WARN_EMPTY_BODY = YES;
				CLANG_WARN_ENUM_CONVERSION = YES;
				CLANG_WARN_INFINITE_RECURSION = YES;
				CLANG_WARN_INT_CONVERSION = YES;
				CLANG_WARN_OBJC_ROOT_CLASS = YES_ERROR;
				CLANG_WARN_SUSPICIOUS_MOVE = YES;
				CLANG_WARN_UNREACHABLE_CODE = YES;
				CLANG_WARN__DUPLICATE_METHOD_MATCH = YES;
				"CODE_SIGN_IDENTITY[sdk=iphoneos*]" = "iPhone Developer";
				COPY_PHASE_STRIP = NO;
				DEBUG_INFORMATION_FORMAT = dwarf;
				ENABLE_STRICT_OBJC_MSGSEND = YES;
				ENABLE_TESTABILITY = YES;
				GCC_C_LANGUAGE_STANDARD = gnu99;
				GCC_DYNAMIC_NO_PIC = NO;
				GCC_NO_COMMON_BLOCKS = YES;
				GCC_OPTIMIZATION_LEVEL = 0;
				GCC_PREFIX_HEADER = "";
				GCC_PREPROCESSOR_DEFINITIONS = (
					"DEBUG=1",
					"$(inherited)",
				);
				GCC_WARN_64_TO_32_BIT_CONVERSION = YES;
				GCC_WARN_ABOUT_RETURN_TYPE = YES_ERROR;
				GCC_WARN_UNDECLARED_SELECTOR = YES;
				GCC_WARN_UNINITIALIZED_AUTOS = YES_AGGRESSIVE;
				GCC_WARN_UNUSED_FUNCTION = YES;
				GCC_WARN_UNUSED_VARIABLE = YES;
				IPHONEOS_DEPLOYMENT_TARGET = 10.2;
				MTL_ENABLE_DEBUG_INFO = YES;
				ONLY_ACTIVE_ARCH = YES;
				SDKROOT = iphoneos;
			};
			name = Debug;
		};
		9A16A0711E2F3D7500F084FC /* Release */ = {
			isa = XCBuildConfiguration;
			buildSettings = {
				ALWAYS_SEARCH_USER_PATHS = NO;
				CLANG_ANALYZER_NONNULL = YES;
				CLANG_CXX_LANGUAGE_STANDARD = "gnu++0x";
				CLANG_CXX_LIBRARY = "libc++";
				CLANG_ENABLE_MODULES = YES;
				CLANG_ENABLE_OBJC_ARC = YES;
				CLANG_WARN_BOOL_CONVERSION = YES;
				CLANG_WARN_CONSTANT_CONVERSION = YES;
				CLANG_WARN_DIRECT_OBJC_ISA_USAGE = YES_ERROR;
				CLANG_WARN_DOCUMENTATION_COMMENTS = YES;
				CLANG_WARN_EMPTY_BODY = YES;
				CLANG_WARN_ENUM_CONVERSION = YES;
				CLANG_WARN_INFINITE_RECURSION = YES;
				CLANG_WARN_INT_CONVERSION = YES;
				CLANG_WARN_OBJC_ROOT_CLASS = YES_ERROR;
				CLANG_WARN_SUSPICIOUS_MOVE = YES;
				CLANG_WARN_UNREACHABLE_CODE = YES;
				CLANG_WARN__DUPLICATE_METHOD_MATCH = YES;
				"CODE_SIGN_IDENTITY[sdk=iphoneos*]" = "iPhone Developer";
				COPY_PHASE_STRIP = NO;
				DEBUG_INFORMATION_FORMAT = "dwarf-with-dsym";
				ENABLE_NS_ASSERTIONS = NO;
				ENABLE_STRICT_OBJC_MSGSEND = YES;
				GCC_C_LANGUAGE_STANDARD = gnu99;
				GCC_NO_COMMON_BLOCKS = YES;
				GCC_PREFIX_HEADER = "";
				GCC_WARN_64_TO_32_BIT_CONVERSION = YES;
				GCC_WARN_ABOUT_RETURN_TYPE = YES_ERROR;
				GCC_WARN_UNDECLARED_SELECTOR = YES;
				GCC_WARN_UNINITIALIZED_AUTOS = YES_AGGRESSIVE;
				GCC_WARN_UNUSED_FUNCTION = YES;
				GCC_WARN_UNUSED_VARIABLE = YES;
				IPHONEOS_DEPLOYMENT_TARGET = 10.2;
				MTL_ENABLE_DEBUG_INFO = NO;
				SDKROOT = iphoneos;
				VALIDATE_PRODUCT = YES;
			};
			name = Release;
		};
		9A16A0731E2F3D7600F084FC /* Debug */ = {
			isa = XCBuildConfiguration;
			buildSettings = {
				ASSETCATALOG_COMPILER_APPICON_NAME = AppIcon;
				DEVELOPMENT_TEAM = "";
				INFOPLIST_FILE = ZKPopBaseController/Info.plist;
				IPHONEOS_DEPLOYMENT_TARGET = 8.0;
				LD_RUNPATH_SEARCH_PATHS = "$(inherited) @executable_path/Frameworks";
				PRODUCT_BUNDLE_IDENTIFIER = com.pzk.ZKPopBaseController;
				PRODUCT_NAME = "$(TARGET_NAME)";
			};
			name = Debug;
		};
		9A16A0741E2F3D7600F084FC /* Release */ = {
			isa = XCBuildConfiguration;
			buildSettings = {
				ASSETCATALOG_COMPILER_APPICON_NAME = AppIcon;
				DEVELOPMENT_TEAM = "";
				INFOPLIST_FILE = ZKPopBaseController/Info.plist;
				IPHONEOS_DEPLOYMENT_TARGET = 8.0;
				LD_RUNPATH_SEARCH_PATHS = "$(inherited) @executable_path/Frameworks";
				PRODUCT_BUNDLE_IDENTIFIER = com.pzk.ZKPopBaseController;
				PRODUCT_NAME = "$(TARGET_NAME)";
			};
			name = Release;
		};
/* End XCBuildConfiguration section */

/* Begin XCConfigurationList section */
		9A16A0561E2F3D7300F084FC /* Build configuration list for PBXProject "ZKPopBaseController" */ = {
			isa = XCConfigurationList;
			buildConfigurations = (
				9A16A0701E2F3D7500F084FC /* Debug */,
				9A16A0711E2F3D7500F084FC /* Release */,
			);
			defaultConfigurationIsVisible = 0;
			defaultConfigurationName = Release;
		};
		9A16A0721E2F3D7600F084FC /* Build configuration list for PBXNativeTarget "ZKPopBaseController" */ = {
			isa = XCConfigurationList;
			buildConfigurations = (
				9A16A0731E2F3D7600F084FC /* Debug */,
				9A16A0741E2F3D7600F084FC /* Release */,
			);
			defaultConfigurationIsVisible = 0;
			defaultConfigurationName = Release;
		};
/* End XCConfigurationList section */
	};
	rootObject = 9A16A0531E2F3D7300F084FC /* Project object */;
}
